{
  "nodes": {
    "nixpkgs": {
      "locked": {
        "lastModified": 1737648073,
        "narHash": "sha256-45oyU4B2pK/JRh7m3ZNczCNFIgEYa6Yr147Wd9UdVKo=",
        "owner": "nixos",
        "repo": "nixpkgs",
        "rev": "4fd304c580d3704b4f3a9955b354148b4f1d73b1",
        "type": "github"
      },
      "original": {
        "owner": "nixos",
        "repo": "nixpkgs",
        "rev": "4fd304c580d3704b4f3a9955b354148b4f1d73b1",
        "type": "github"
      }
    },
    "root": {
      "inputs": {
        "nixpkgs": "nixpkgs"
      }
    }
  },
  "root": "root",
  "version": 7
}
